
Microsoft Visual Studio Solution File, Format Version 12.00
# Visual Studio Version 16
VisualStudioVersion = 16.0.30309.148
MinimumVisualStudioVersion = 10.0.40219.1
Project("{FAE04EC0-301F-11D3-BF4B-00C04F79EFBC}") = "HolaMundo", "HolaMundo\HolaMundo.csproj", "{72B82F1C-F08B-443E-80BD-F68638ED41B4}"
EndProject
Global
	GlobalSection(SolutionConfigurationPlatforms) = preSolution
		Debug|Any CPU = Debug|Any CPU
		Release|Any CPU = Release|Any CPU
	EndGlobalSection
	GlobalSection(ProjectConfigurationPlatforms) = postSolution
		{72B82F1C-F08B-443E-80BD-F68638ED41B4}.Debug|Any CPU.ActiveCfg = Debug|Any CPU
		{72B82F1C-F08B-443E-80BD-F68638ED41B4}.Debug|Any CPU.Build.0 = Debug|Any CPU
		{72B82F1C-F08B-443E-80BD-F68638ED41B4}.Release|Any CPU.ActiveCfg = Release|Any CPU
		{72B82F1C-F08B-443E-80BD-F68638ED41B4}.Release|Any CPU.Build.0 = Release|Any CPU
	EndGlobalSection
	GlobalSection(SolutionProperties) = preSolution
		HideSolutionNode = FALSE
	EndGlobalSection
	GlobalSection(ExtensibilityGlobals) = postSolution
		SolutionGuid = {AA093884-8068-40A9-818B-207889839D55}
	EndGlobalSection
EndGlobal
